
Microsoft Visual Studio Solution File, Format Version 12.00
# Visual Studio Version 17
VisualStudioVersion = 17.11.35327.3
MinimumVisualStudioVersion = 10.0.40219.1
Project("{8BC9CEB8-8B4A-11D0-8D11-00A0C91BC942}") = "質數探險家", "質數探險家.vcxproj", "{6831A73A-B288-4186-A88C-F0ED962571F2}"
EndProject
Global
	GlobalSection(SolutionConfigurationPlatforms) = preSolution
		Debug|x64 = Debug|x64
		Debug|x86 = Debug|x86
		Release|x64 = Release|x64
		Release|x86 = Release|x86
	EndGlobalSection
	GlobalSection(ProjectConfigurationPlatforms) = postSolution
		{6831A73A-B288-4186-A88C-F0ED962571F2}.Debug|x64.ActiveCfg = Debug|x64
		{6831A73A-B288-4186-A88C-F0ED962571F2}.Debug|x64.Build.0 = Debug|x64
		{6831A73A-B288-4186-A88C-F0ED962571F2}.Debug|x86.ActiveCfg = Debug|Win32
		{6831A73A-B288-4186-A88C-F0ED962571F2}.Debug|x86.Build.0 = Debug|Win32
		{6831A73A-B288-4186-A88C-F0ED962571F2}.Release|x64.ActiveCfg = Release|x64
		{6831A73A-B288-4186-A88C-F0ED962571F2}.Release|x64.Build.0 = Release|x64
		{6831A73A-B288-4186-A88C-F0ED962571F2}.Release|x86.ActiveCfg = Release|Win32
		{6831A73A-B288-4186-A88C-F0ED962571F2}.Release|x86.Build.0 = Release|Win32
	EndGlobalSection
	GlobalSection(SolutionProperties) = preSolution
		HideSolutionNode = FALSE
	EndGlobalSection
	GlobalSection(ExtensibilityGlobals) = postSolution
		SolutionGuid = {BBCAD430-3A1C-4ADB-9569-5EB66E641CA3}
	EndGlobalSection
EndGlobal
